
Microsoft Visual Studio Solution File, Format Version 12.00
# Visual Studio Version 16
VisualStudioVersion = 16.0.33423.256
MinimumVisualStudioVersion = 10.0.40219.1
Project("{FAE04EC0-301F-11D3-BF4B-00C04F79EFBC}") = "FinalProjectMVC", "FinalProjectMVC\FinalProjectMVC.csproj", "{DCCD60AB-259B-4027-AD11-CC8A773FEDF9}"
EndProject
Global
	GlobalSection(SolutionConfigurationPlatforms) = preSolution
		Debug|Any CPU = Debug|Any CPU
		Release|Any CPU = Release|Any CPU
	EndGlobalSection
	GlobalSection(ProjectConfigurationPlatforms) = postSolution
		{DCCD60AB-259B-4027-AD11-CC8A773FEDF9}.Debug|Any CPU.ActiveCfg = Debug|Any CPU
		{DCCD60AB-259B-4027-AD11-CC8A773FEDF9}.Debug|Any CPU.Build.0 = Debug|Any CPU
		{DCCD60AB-259B-4027-AD11-CC8A773FEDF9}.Release|Any CPU.ActiveCfg = Release|Any CPU
		{DCCD60AB-259B-4027-AD11-CC8A773FEDF9}.Release|Any CPU.Build.0 = Release|Any CPU
	EndGlobalSection
	GlobalSection(SolutionProperties) = preSolution
		HideSolutionNode = FALSE
	EndGlobalSection
	GlobalSection(ExtensibilityGlobals) = postSolution
		SolutionGuid = {83E8FCCC-1106-4773-987C-78075A930031}
	EndGlobalSection
EndGlobal
